// !$*UTF8*$!
{
	archiveVersion = 1;
	classes = {
	};
	objectVersion = 50;
	objects = {

/* Begin PBXBuildFile section */
		40C3C80C223C54C8009CD5C3 /* AppDelegate.swift in Sources */ = {isa = PBXBuildFile; fileRef = 40C3C80B223C54C8009CD5C3 /* AppDelegate.swift */; };
		40C3C811223C54C8009CD5C3 /* Main.storyboard in Resources */ = {isa = PBXBuildFile; fileRef = 40C3C80F223C54C8009CD5C3 /* Main.storyboard */; };
		40C3C813223C54CD009CD5C3 /* Assets.xcassets in Resources */ = {isa = PBXBuildFile; fileRef = 40C3C812223C54CD009CD5C3 /* Assets.xcassets */; };
		40C3C816223C54CD009CD5C3 /* LaunchScreen.storyboard in Resources */ = {isa = PBXBuildFile; fileRef = 40C3C814223C54CD009CD5C3 /* LaunchScreen.storyboard */; };
		40C3C81D223D77F2009CD5C3 /* RecordSoundsViewController.swift in Sources */ = {isa = PBXBuildFile; fileRef = 40C3C80D223C54C8009CD5C3 /* RecordSoundsViewController.swift */; };
		40C3C81F223D90A8009CD5C3 /* PlaySoundsViewController.swift in Sources */ = {isa = PBXBuildFile; fileRef = 40C3C81E223D90A8009CD5C3 /* PlaySoundsViewController.swift */; };
		40C3C821224027F3009CD5C3 /* PlaySoundsViewController+Audio.swift in Sources */ = {isa = PBXBuildFile; fileRef = 40C3C820224027F2009CD5C3 /* PlaySoundsViewController+Audio.swift */; };
/* End PBXBuildFile section */

/* Begin PBXFileReference section */
		40C3C808223C54C8009CD5C3 /* Udacitytest.app */ = {isa = PBXFileReference; explicitFileType = wrapper.application; includeInIndex = 0; path = Udacitytest.app; sourceTree = BUILT_PRODUCTS_DIR; };
		40C3C80B223C54C8009CD5C3 /* AppDelegate.swift */ = {isa = PBXFileReference; lastKnownFileType = sourcecode.swift; path = AppDelegate.swift; sourceTree = "<group>"; };
		40C3C80D223C54C8009CD5C3 /* RecordSoundsViewController.swift */ = {isa = PBXFileReference; lastKnownFileType = sourcecode.swift; path = RecordSoundsViewController.swift; sourceTree = "<group>"; };
		40C3C810223C54C8009CD5C3 /* Base */ = {isa = PBXFileReference; lastKnownFileType = file.storyboard; name = Base; path = Base.lproj/Main.storyboard; sourceTree = "<group>"; };
		40C3C812223C54CD009CD5C3 /* Assets.xcassets */ = {isa = PBXFileReference; lastKnownFileType = folder.assetcatalog; path = Assets.xcassets; sourceTree = "<group>"; };
		40C3C815223C54CD009CD5C3 /* Base */ = {isa = PBXFileReference; lastKnownFileType = file.storyboard; name = Base; path = Base.lproj/LaunchScreen.storyboard; sourceTree = "<group>"; };
		40C3C817223C54CD009CD5C3 /* Info.plist */ = {isa = PBXFileReference; lastKnownFileType = text.plist.xml; path = Info.plist; sourceTree = "<group>"; };
		40C3C81E223D90A8009CD5C3 /* PlaySoundsViewController.swift */ = {isa = PBXFileReference; lastKnownFileType = sourcecode.swift; path = PlaySoundsViewController.swift; sourceTree = "<group>"; };
		40C3C820224027F2009CD5C3 /* PlaySoundsViewController+Audio.swift */ = {isa = PBXFileReference; fileEncoding = 4; lastKnownFileType = sourcecode.swift; path = "PlaySoundsViewController+Audio.swift"; sourceTree = "<group>"; };
/* End PBXFileReference section */

/* Begin PBXFrameworksBuildPhase section */
		40C3C805223C54C7009CD5C3 /* Frameworks */ = {
			isa = PBXFrameworksBuildPhase;
			buildActionMask = 2147483647;
			files = (
			);
			runOnlyForDeploymentPostprocessing = 0;
		};
/* End PBXFrameworksBuildPhase section */

/* Begin PBXGroup section */
		40C3C7FF223C54C7009CD5C3 = {
			isa = PBXGroup;
			children = (
				40C3C80A223C54C8009CD5C3 /* Udacitytest */,
				40C3C809223C54C8009CD5C3 /* Products */,
			);
			sourceTree = "<group>";
		};
		40C3C809223C54C8009CD5C3 /* Products */ = {
			isa = PBXGroup;
			children = (
				40C3C808223C54C8009CD5C3 /* Udacitytest.app */,
			);
			name = Products;
			sourceTree = "<group>";
		};
		40C3C80A223C54C8009CD5C3 /* Udacitytest */ = {
			isa = PBXGroup;
			children = (
				40C3C80B223C54C8009CD5C3 /* AppDelegate.swift */,
				40C3C80D223C54C8009CD5C3 /* RecordSoundsViewController.swift */,
				40C3C80F223C54C8009CD5C3 /* Main.storyboard */,
				40C3C812223C54CD009CD5C3 /* Assets.xcassets */,
				40C3C814223C54CD009CD5C3 /* LaunchScreen.storyboard */,
				40C3C817223C54CD009CD5C3 /* Info.plist */,
				40C3C81E223D90A8009CD5C3 /* PlaySoundsViewController.swift */,
				40C3C820224027F2009CD5C3 /* PlaySoundsViewController+Audio.swift */,
			);
			path = Udacitytest;
			sourceTree = "<group>";
		};
/* End PBXGroup section */

/* Begin PBXNativeTarget section */
		40C3C807223C54C7009CD5C3 /* Udacitytest */ = {
			isa = PBXNativeTarget;
			buildConfigurationList = 40C3C81A223C54CD009CD5C3 /* Build configuration list for PBXNativeTarget "Udacitytest" */;
			buildPhases = (
				40C3C804223C54C7009CD5C3 /* Sources */,
				40C3C805223C54C7009CD5C3 /* Frameworks */,
				40C3C806223C54C7009CD5C3 /* Resources */,
			);
			buildRules = (
			);
			dependencies = (
			);
			name = Udacitytest;
			productName = Udacitytest;
			productReference = 40C3C808223C54C8009CD5C3 /* Udacitytest.app */;
			productType = "com.apple.product-type.application";
		};
/* End PBXNativeTarget section */

/* Begin PBXProject section */
		40C3C800223C54C7009CD5C3 /* Project object */ = {
			isa = PBXProject;
			attributes = {
				LastSwiftUpdateCheck = 1010;
				LastUpgradeCheck = 1010;
				ORGANIZATIONNAME = sundus;
				TargetAttributes = {
					40C3C807223C54C7009CD5C3 = {
						CreatedOnToolsVersion = 10.1;
					};
				};
			};
			buildConfigurationList = 40C3C803223C54C7009CD5C3 /* Build configuration list for PBXProject "Udacitytest" */;
			compatibilityVersion = "Xcode 9.3";
			developmentRegion = en;
			hasScannedForEncodings = 0;
			knownRegions = (
				en,
				Base,
			);
			mainGroup = 40C3C7FF223C54C7009CD5C3;
			productRefGroup = 40C3C809223C54C8009CD5C3 /* Products */;
			projectDirPath = "";
			projectRoot = "";
			targets = (
				40C3C807223C54C7009CD5C3 /* Udacitytest */,
			);
		};
/* End PBXProject section */

/* Begin PBXResourcesBuildPhase section */
		40C3C806223C54C7009CD5C3 /* Resources */ = {
			isa = PBXResourcesBuildPhase;
			buildActionMask = 2147483647;
			files = (
				40C3C816223C54CD009CD5C3 /* LaunchScreen.storyboard in Resources */,
				40C3C813223C54CD009CD5C3 /* Assets.xcassets in Resources */,
				40C3C811223C54C8009CD5C3 /* Main.storyboard in Resources */,
			);
			runOnlyForDeploymentPostprocessing = 0;
		};
/* End PBXResourcesBuildPhase section */

/* Begin PBXSourcesBuildPhase section */
		40C3C804223C54C7009CD5C3 /* Sources */ = {
			isa = PBXSourcesBuildPhase;
			buildActionMask = 2147483647;
			files = (
				40C3C81D223D77F2009CD5C3 /* RecordSoundsViewController.swift in Sources */,
				40C3C821224027F3009CD5C3 /* PlaySoundsViewController+Audio.swift in Sources */,
				40C3C80C223C54C8009CD5C3 /* AppDelegate.swift in Sources */,
				40C3C81F223D90A8009CD5C3 /* PlaySoundsViewController.swift in Sources */,
			);
			runOnlyForDeploymentPostprocessing = 0;
		};
/* End PBXSourcesBuildPhase section */

/* Begin PBXVariantGroup section */
		40C3C80F223C54C8009CD5C3 /* Main.storyboard */ = {
			isa = PBXVariantGroup;
			children = (
				40C3C810223C54C8009CD5C3 /* Base */,
			);
			name = Main.storyboard;
			sourceTree = "<group>";
		};
		40C3C814223C54CD009CD5C3 /* LaunchScreen.storyboard */ = {
			isa = PBXVariantGroup;
			children = (
				40C3C815223C54CD009CD5C3 /* Base */,
			);
			name = LaunchScreen.storyboard;
			sourceTree = "<group>";
		};
/* End PBXVariantGroup section */

/* Begin XCBuildConfiguration section */
		40C3C818223C54CD009CD5C3 /* Debug */ = {
			isa = XCBuildConfiguration;
			buildSettings = {
				ALWAYS_SEARCH_USER_PATHS = NO;
				CLANG_ANALYZER_NONNULL = YES;
				CLANG_ANALYZER_NUMBER_OBJECT_CONVERSION = YES_AGGRESSIVE;
				CLANG_CXX_LANGUAGE_STANDARD = "gnu++14";
				CLANG_CXX_LIBRARY = "libc++";
				CLANG_ENABLE_MODULES = YES;
				CLANG_ENABLE_OBJC_ARC = YES;
				CLANG_ENABLE_OBJC_WEAK = YES;
				CLANG_WARN_BLOCK_CAPTURE_AUTORELEASING = YES;
				CLANG_WARN_BOOL_CONVERSION = YES;
				CLANG_WARN_COMMA = YES;
				CLANG_WARN_CONSTANT_CONVERSION = YES;
				CLANG_WARN_DEPRECATED_OBJC_IMPLEMENTATIONS = YES;
				CLANG_WARN_DIRECT_OBJC_ISA_USAGE = YES_ERROR;
				CLANG_WARN_DOCUMENTATION_COMMENTS = YES;
				CLANG_WARN_EMPTY_BODY = YES;
				CLANG_WARN_ENUM_CONVERSION = YES;
				CLANG_WARN_INFINITE_RECURSION = YES;
				CLANG_WARN_INT_CONVERSION = YES;
				CLANG_WARN_NON_LITERAL_NULL_CONVERSION = YES;
				CLANG_WARN_OBJC_IMPLICIT_RETAIN_SELF = YES;
				CLANG_WARN_OBJC_LITERAL_CONVERSION = YES;
				CLANG_WARN_OBJC_ROOT_CLASS = YES_ERROR;
				CLANG_WARN_RANGE_LOOP_ANALYSIS = YES;
				CLANG_WARN_STRICT_PROTOTYPES = YES;
				CLANG_WARN_SUSPICIOUS_MOVE = YES;
				CLANG_WARN_UNGUARDED_AVAILABILITY = YES_AGGRESSIVE;
				CLANG_WARN_UNREACHABLE_CODE = YES;
				CLANG_WARN__DUPLICATE_METHOD_MATCH = YES;
				CODE_SIGN_IDENTITY = "iPhone Developer";
				COPY_PHASE_STRIP = NO;
				DEBUG_INFORMATION_FORMAT = dwarf;
				ENABLE_STRICT_OBJC_MSGSEND = YES;
				ENABLE_TESTABILITY = YES;
				GCC_C_LANGUAGE_STANDARD = gnu11;
				GCC_DYNAMIC_NO_PIC = NO;
				GCC_NO_COMMON_BLOCKS = YES;
				GCC_OPTIMIZATION_LEVEL = 0;
				GCC_PREPROCESSOR_DEFINITIONS = (
					"DEBUG=1",
					"$(inherited)",
				);
				GCC_WARN_64_TO_32_BIT_CONVERSION = YES;
				GCC_WARN_ABOUT_RETURN_TYPE = YES_ERROR;
				GCC_WARN_UNDECLARED_SELECTOR = YES;
				GCC_WARN_UNINITIALIZED_AUTOS = YES_AGGRESSIVE;
				GCC_WARN_UNUSED_FUNCTION = YES;
				GCC_WARN_UNUSED_VARIABLE = YES;
				IPHONEOS_DEPLOYMENT_TARGET = 12.1;
				MTL_ENABLE_DEBUG_INFO = INCLUDE_SOURCE;
				MTL_FAST_MATH = YES;
				ONLY_ACTIVE_ARCH = YES;
				SDKROOT = iphoneos;
				SWIFT_ACTIVE_COMPILATION_CONDITIONS = DEBUG;
				SWIFT_OPTIMIZATION_LEVEL = "-Onone";
			};
			name = Debug;
		};
		40C3C819223C54CD009CD5C3 /* Release */ = {
			isa = XCBuildConfiguration;
			buildSettings = {
				ALWAYS_SEARCH_USER_PATHS = NO;
				CLANG_ANALYZER_NONNULL = YES;
				CLANG_ANALYZER_NUMBER_OBJECT_CONVERSION = YES_AGGRESSIVE;
				CLANG_CXX_LANGUAGE_STANDARD = "gnu++14";
				CLANG_CXX_LIBRARY = "libc++";
				CLANG_ENABLE_MODULES = YES;
				CLANG_ENABLE_OBJC_ARC = YES;
				CLANG_ENABLE_OBJC_WEAK = YES;
				CLANG_WARN_BLOCK_CAPTURE_AUTORELEASING = YES;
				CLANG_WARN_BOOL_CONVERSION = YES;
				CLANG_WARN_COMMA = YES;
				CLANG_WARN_CONSTANT_CONVERSION = YES;
				CLANG_WARN_DEPRECATED_OBJC_IMPLEMENTATIONS = YES;
				CLANG_WARN_DIRECT_OBJC_ISA_USAGE = YES_ERROR;
				CLANG_WARN_DOCUMENTATION_COMMENTS = YES;
				CLANG_WARN_EMPTY_BODY = YES;
				CLANG_WARN_ENUM_CONVERSION = YES;
				CLANG_WARN_INFINITE_RECURSION = YES;
				CLANG_WARN_INT_CONVERSION = YES;
				CLANG_WARN_NON_LITERAL_NULL_CONVERSION = YES;
				CLANG_WARN_OBJC_IMPLICIT_RETAIN_SELF = YES;
				CLANG_WARN_OBJC_LITERAL_CONVERSION = YES;
				CLANG_WARN_OBJC_ROOT_CLASS = YES_ERROR;
				CLANG_WARN_RANGE_LOOP_ANALYSIS = YES;
				CLANG_WARN_STRICT_PROTOTYPES = YES;
				CLANG_WARN_SUSPICIOUS_MOVE = YES;
				CLANG_WARN_UNGUARDED_AVAILABILITY = YES_AGGRESSIVE;
				CLANG_WARN_UNREACHABLE_CODE = YES;
				CLANG_WARN__DUPLICATE_METHOD_MATCH = YES;
				CODE_SIGN_IDENTITY = "iPhone Developer";
				COPY_PHASE_STRIP = NO;
				DEBUG_INFORMATION_FORMAT = "dwarf-with-dsym";
				ENABLE_NS_ASSERTIONS = NO;
				ENABLE_STRICT_OBJC_MSGSEND = YES;
				GCC_C_LANGUAGE_STANDARD = gnu11;
				GCC_NO_COMMON_BLOCKS = YES;
				GCC_WARN_64_TO_32_BIT_CONVERSION = YES;
				GCC_WARN_ABOUT_RETURN_TYPE = YES_ERROR;
				GCC_WARN_UNDECLARED_SELECTOR = YES;
				GCC_WARN_UNINITIALIZED_AUTOS = YES_AGGRESSIVE;
				GCC_WARN_UNUSED_FUNCTION = YES;
				GCC_WARN_UNUSED_VARIABLE = YES;
				IPHONEOS_DEPLOYMENT_TARGET = 12.1;
				MTL_ENABLE_DEBUG_INFO = NO;
				MTL_FAST_MATH = YES;
				SDKROOT = iphoneos;
				SWIFT_COMPILATION_MODE = wholemodule;
				SWIFT_OPTIMIZATION_LEVEL = "-O";
				VALIDATE_PRODUCT = YES;
			};
			name = Release;
		};
		40C3C81B223C54CD009CD5C3 /* Debug */ = {
			isa = XCBuildConfiguration;
			buildSettings = {
				ASSETCATALOG_COMPILER_APPICON_NAME = AppIcon;
				CODE_SIGN_STYLE = Automatic;
				INFOPLIST_FILE = Udacitytest/Info.plist;
				LD_RUNPATH_SEARCH_PATHS = (
					"$(inherited)",
					"@executable_path/Frameworks",
				);
				PRODUCT_BUNDLE_IDENTIFIER = com.sundus.Udacitytest;
				PRODUCT_NAME = "$(TARGET_NAME)";
				SWIFT_VERSION = 4.2;
				TARGETED_DEVICE_FAMILY = "1,2";
			};
			name = Debug;
		};
		40C3C81C223C54CD009CD5C3 /* Release */ = {
			isa = XCBuildConfiguration;
			buildSettings = {
				ASSETCATALOG_COMPILER_APPICON_NAME = AppIcon;
				CODE_SIGN_STYLE = Automatic;
				INFOPLIST_FILE = Udacitytest/Info.plist;
				LD_RUNPATH_SEARCH_PATHS = (
					"$(inherited)",
					"@executable_path/Frameworks",
				);
				PRODUCT_BUNDLE_IDENTIFIER = com.sundus.Udacitytest;
				PRODUCT_NAME = "$(TARGET_NAME)";
				SWIFT_VERSION = 4.2;
				TARGETED_DEVICE_FAMILY = "1,2";
			};
			name = Release;
		};
/* End XCBuildConfiguration section */

/* Begin XCConfigurationList section */
		40C3C803223C54C7009CD5C3 /* Build configuration list for PBXProject "Udacitytest" */ = {
			isa = XCConfigurationList;
			buildConfigurations = (
				40C3C818223C54CD009CD5C3 /* Debug */,
				40C3C819223C54CD009CD5C3 /* Release */,
			);
			defaultConfigurationIsVisible = 0;
			defaultConfigurationName = Release;
		};
		40C3C81A223C54CD009CD5C3 /* Build configuration list for PBXNativeTarget "Udacitytest" */ = {
			isa = XCConfigurationList;
			buildConfigurations = (
				40C3C81B223C54CD009CD5C3 /* Debug */,
				40C3C81C223C54CD009CD5C3 /* Release */,
			);
			defaultConfigurationIsVisible = 0;
			defaultConfigurationName = Release;
		};
/* End XCConfigurationList section */
	};
	rootObject = 40C3C800223C54C7009CD5C3 /* Project object */;
}
